Microsoft Visual Studio Solution File, Format Version 12.00
# Visual Studio Version 17
VisualStudioVersion = 17.0.31903.59
MinimumVisualStudioVersion = 10.0.40219.1
Project("{FAE04EC0-301F-11D3-BF4B-00C04F79EFBC}") = "Jellyfin.Plugin.JellyPlay", "src\Jellyfin.Plugin.JellyPlay\Jellyfin.Plugin.JellyPlay.csproj", "{6F1D2A6C-3E8B-4B1A-9F5E-0C7D8A2B4C01}"
EndProject
Project("{FAE04EC0-301F-11D3-BF4B-00C04F79EFBC}") = "Jellyfin.Plugin.JellyPlay.Tests", "tests\Jellyfin.Plugin.JellyPlay.Tests\Jellyfin.Plugin.JellyPlay.Tests.csproj", "{6F1D2A6C-3E8B-4B1A-9F5E-0C7D8A2B4C02}"
EndProject
Global
	GlobalSection(SolutionConfigurationPlatforms) = preSolution
		Debug|Any CPU = Debug|Any CPU
		Release|Any CPU = Release|Any CPU
	EndGlobalSection
	GlobalSection(ProjectConfigurationPlatforms) = postSolution
		{6F1D2A6C-3E8B-4B1A-9F5E-0C7D8A2B4C01}.Debug|Any CPU.ActiveCfg = Debug|Any CPU
		{6F1D2A6C-3E8B-4B1A-9F5E-0C7D8A2B4C01}.Debug|Any CPU.Build.0 = Debug|Any CPU
		{6F1D2A6C-3E8B-4B1A-9F5E-0C7D8A2B4C01}.Release|Any CPU.ActiveCfg = Release|Any CPU
		{6F1D2A6C-3E8B-4B1A-9F5E-0C7D8A2B4C01}.Release|Any CPU.Build.0 = Release|Any CPU
		{6F1D2A6C-3E8B-4B1A-9F5E-0C7D8A2B4C02}.Debug|Any CPU.ActiveCfg = Debug|Any CPU
		{6F1D2A6C-3E8B-4B1A-9F5E-0C7D8A2B4C02}.Debug|Any CPU.Build.0 = Debug|Any CPU
		{6F1D2A6C-3E8B-4B1A-9F5E-0C7D8A2B4C02}.Release|Any CPU.ActiveCfg = Release|Any CPU
		{6F1D2A6C-3E8B-4B1A-9F5E-0C7D8A2B4C02}.Release|Any CPU.Build.0 = Release|Any CPU
	EndGlobalSection
	GlobalSection(SolutionProperties) = preSolution
		HideSolutionNode = FALSE
	EndGlobalSection
EndGlobal
